// !$*UTF8*$!
{
	archiveVersion = 1;
	classes = {
	};
	objectVersion = 46;
	objects = {

/* Begin PBXBuildFile section */
		8BD3A5811CA0A7D4009EF354 /* traversal.cpp in Sources */ = {isa = PBXBuildFile; fileRef = 8BD3A57F1CA0A7D4009EF354 /* traversal.cpp */; };
/* End PBXBuildFile section */

/* Begin PBXCopyFilesBuildPhase section */
		8BD3A5731CA0A730009EF354 /* CopyFiles */ = {
			isa = PBXCopyFilesBuildPhase;
			buildActionMask = 2147483647;
			dstPath = /usr/share/man/man1/;
			dstSubfolderSpec = 0;
			files = (
			);
			runOnlyForDeploymentPostprocessing = 1;
		};
/* End PBXCopyFilesBuildPhase section */

/* Begin PBXFileReference section */
		8B46DAB21CA633BC00FAC1D5 /* data */ = {isa = PBXFileReference; fileEncoding = 4; lastKnownFileType = text; path = data; sourceTree = "<group>"; };
		8BD3A5751CA0A730009EF354 /* Tree Traversal */ = {isa = PBXFileReference; explicitFileType = "compiled.mach-o.executable"; includeInIndex = 0; path = "Tree Traversal"; sourceTree = BUILT_PRODUCTS_DIR; };
		8BD3A57F1CA0A7D4009EF354 /* traversal.cpp */ = {isa = PBXFileReference; fileEncoding = 4; lastKnownFileType = sourcecode.cpp.cpp; path = traversal.cpp; sourceTree = "<group>"; };
		8BD3A5801CA0A7D4009EF354 /* traversal.h */ = {isa = PBXFileReference; fileEncoding = 4; lastKnownFileType = sourcecode.c.h; path = traversal.h; sourceTree = "<group>"; };
		8BD3A5821CA0A87C009EF354 /* tree.h */ = {isa = PBXFileReference; lastKnownFileType = sourcecode.c.h; path = tree.h; sourceTree = "<group>"; };
/* End PBXFileReference section */

/* Begin PBXFrameworksBuildPhase section */
		8BD3A5721CA0A730009EF354 /* Frameworks */ = {
			isa = PBXFrameworksBuildPhase;
			buildActionMask = 2147483647;
			files = (
			);
			runOnlyForDeploymentPostprocessing = 0;
		};
/* End PBXFrameworksBuildPhase section */

/* Begin PBXGroup section */
		8BD3A56C1CA0A72F009EF354 = {
			isa = PBXGroup;
			children = (
				8BD3A5771CA0A730009EF354 /* Tree Traversal */,
				8BD3A5761CA0A730009EF354 /* Products */,
			);
			sourceTree = "<group>";
		};
		8BD3A5761CA0A730009EF354 /* Products */ = {
			isa = PBXGroup;
			children = (
				8BD3A5751CA0A730009EF354 /* Tree Traversal */,
			);
			name = Products;
			sourceTree = "<group>";
		};
		8BD3A5771CA0A730009EF354 /* Tree Traversal */ = {
			isa = PBXGroup;
			children = (
				8B46DAB21CA633BC00FAC1D5 /* data */,
				8BD3A57F1CA0A7D4009EF354 /* traversal.cpp */,
				8BD3A5801CA0A7D4009EF354 /* traversal.h */,
				8BD3A5821CA0A87C009EF354 /* tree.h */,
			);
			path = "Tree Traversal";
			sourceTree = "<group>";
		};
/* End PBXGroup section */

/* Begin PBXNativeTarget section */
		8BD3A5741CA0A730009EF354 /* Tree Traversal */ = {
			isa = PBXNativeTarget;
			buildConfigurationList = 8BD3A57C1CA0A730009EF354 /* Build configuration list for PBXNativeTarget "Tree Traversal" */;
			buildPhases = (
				8BD3A5711CA0A730009EF354 /* Sources */,
				8BD3A5721CA0A730009EF354 /* Frameworks */,
				8BD3A5731CA0A730009EF354 /* CopyFiles */,
			);
			buildRules = (
			);
			dependencies = (
			);
			name = "Tree Traversal";
			productName = "Tree Traversal";
			productReference = 8BD3A5751CA0A730009EF354 /* Tree Traversal */;
			productType = "com.apple.product-type.tool";
		};
/* End PBXNativeTarget section */

/* Begin PBXProject section */
		8BD3A56D1CA0A730009EF354 /* Project object */ = {
			isa = PBXProject;
			attributes = {
				LastUpgradeCheck = 0720;
				ORGANIZATIONNAME = "Aaron Barlow";
				TargetAttributes = {
					8BD3A5741CA0A730009EF354 = {
						CreatedOnToolsVersion = 7.2.1;
					};
				};
			};
			buildConfigurationList = 8BD3A5701CA0A730009EF354 /* Build configuration list for PBXProject "Tree Traversal" */;
			compatibilityVersion = "Xcode 3.2";
			developmentRegion = English;
			hasScannedForEncodings = 0;
			knownRegions = (
				en,
			);
			mainGroup = 8BD3A56C1CA0A72F009EF354;
			productRefGroup = 8BD3A5761CA0A730009EF354 /* Products */;
			projectDirPath = "";
			projectRoot = "";
			targets = (
				8BD3A5741CA0A730009EF354 /* Tree Traversal */,
			);
		};
/* End PBXProject section */

/* Begin PBXSourcesBuildPhase section */
		8BD3A5711CA0A730009EF354 /* Sources */ = {
			isa = PBXSourcesBuildPhase;
			buildActionMask = 2147483647;
			files = (
				8BD3A5811CA0A7D4009EF354 /* traversal.cpp in Sources */,
			);
			runOnlyForDeploymentPostprocessing = 0;
		};
/* End PBXSourcesBuildPhase section */

/* Begin XCBuildConfiguration section */
		8BD3A57A1CA0A730009EF354 /* Debug */ = {
			isa = XCBuildConfiguration;
			buildSettings = {
				ALWAYS_SEARCH_USER_PATHS = NO;
				CLANG_CXX_LANGUAGE_STANDARD = "gnu++0x";
				CLANG_CXX_LIBRARY = "libc++";
				CLANG_ENABLE_MODULES = YES;
				CLANG_ENABLE_OBJC_ARC = YES;
				CLANG_WARN_BOOL_CONVERSION = YES;
				CLANG_WARN_CONSTANT_CONVERSION = YES;
				CLANG_WARN_DIRECT_OBJC_ISA_USAGE = YES_ERROR;
				CLANG_WARN_EMPTY_BODY = YES;
				CLANG_WARN_ENUM_CONVERSION = YES;
				CLANG_WARN_INT_CONVERSION = YES;
				CLANG_WARN_OBJC_ROOT_CLASS = YES_ERROR;
				CLANG_WARN_UNREACHABLE_CODE = YES;
				CLANG_WARN__DUPLICATE_METHOD_MATCH = YES;
				CODE_SIGN_IDENTITY = "-";
				COPY_PHASE_STRIP = NO;
				DEBUG_INFORMATION_FORMAT = dwarf;
				ENABLE_STRICT_OBJC_MSGSEND = YES;
				ENABLE_TESTABILITY = YES;
				GCC_C_LANGUAGE_STANDARD = gnu99;
				GCC_DYNAMIC_NO_PIC = NO;
				GCC_NO_COMMON_BLOCKS = YES;
				GCC_OPTIMIZATION_LEVEL = 0;
				GCC_PREPROCESSOR_DEFINITIONS = (
					"DEBUG=1",
					"$(inherited)",
				);
				GCC_WARN_64_TO_32_BIT_CONVERSION = YES;
				GCC_WARN_ABOUT_RETURN_TYPE = YES_ERROR;
				GCC_WARN_UNDECLARED_SELECTOR = YES;
				GCC_WARN_UNINITIALIZED_AUTOS = YES_AGGRESSIVE;
				GCC_WARN_UNUSED_FUNCTION = YES;
				GCC_WARN_UNUSED_VARIABLE = YES;
				MACOSX_DEPLOYMENT_TARGET = 10.11;
				MTL_ENABLE_DEBUG_INFO = YES;
				ONLY_ACTIVE_ARCH = YES;
				SDKROOT = macosx;
			};
			name = Debug;
		};
		8BD3A57B1CA0A730009EF354 /* Release */ = {
			isa = XCBuildConfiguration;
			buildSettings = {
				ALWAYS_SEARCH_USER_PATHS = NO;
				CLANG_CXX_LANGUAGE_STANDARD = "gnu++0x";
				CLANG_CXX_LIBRARY = "libc++";
				CLANG_ENABLE_MODULES = YES;
				CLANG_ENABLE_OBJC_ARC = YES;
				CLANG_WARN_BOOL_CONVERSION = YES;
				CLANG_WARN_CONSTANT_CONVERSION = YES;
				CLANG_WARN_DIRECT_OBJC_ISA_USAGE = YES_ERROR;
				CLANG_WARN_EMPTY_BODY = YES;
				CLANG_WARN_ENUM_CONVERSION = YES;
				CLANG_WARN_INT_CONVERSION = YES;
				CLANG_WARN_OBJC_ROOT_CLASS = YES_ERROR;
				CLANG_WARN_UNREACHABLE_CODE = YES;
				CLANG_WARN__DUPLICATE_METHOD_MATCH = YES;
				CODE_SIGN_IDENTITY = "-";
				COPY_PHASE_STRIP = NO;
				DEBUG_INFORMATION_FORMAT = "dwarf-with-dsym";
				ENABLE_NS_ASSERTIONS = NO;
				ENABLE_STRICT_OBJC_MSGSEND = YES;
				GCC_C_LANGUAGE_STANDARD = gnu99;
				GCC_NO_COMMON_BLOCKS = YES;
				GCC_WARN_64_TO_32_BIT_CONVERSION = YES;
				GCC_WARN_ABOUT_RETURN_TYPE = YES_ERROR;
				GCC_WARN_UNDECLARED_SELECTOR = YES;
				GCC_WARN_UNINITIALIZED_AUTOS = YES_AGGRESSIVE;
				GCC_WARN_UNUSED_FUNCTION = YES;
				GCC_WARN_UNUSED_VARIABLE = YES;
				MACOSX_DEPLOYMENT_TARGET = 10.11;
				MTL_ENABLE_DEBUG_INFO = NO;
				SDKROOT = macosx;
			};
			name = Release;
		};
		8BD3A57D1CA0A730009EF354 /* Debug */ = {
			isa = XCBuildConfiguration;
			buildSettings = {
				PRODUCT_NAME = "$(TARGET_NAME)";
			};
			name = Debug;
		};
		8BD3A57E1CA0A730009EF354 /* Release */ = {
			isa = XCBuildConfiguration;
			buildSettings = {
				PRODUCT_NAME = "$(TARGET_NAME)";
			};
			name = Release;
		};
/* End XCBuildConfiguration section */

/* Begin XCConfigurationList section */
		8BD3A5701CA0A730009EF354 /* Build configuration list for PBXProject "Tree Traversal" */ = {
			isa = XCConfigurationList;
			buildConfigurations = (
				8BD3A57A1CA0A730009EF354 /* Debug */,
				8BD3A57B1CA0A730009EF354 /* Release */,
			);
			defaultConfigurationIsVisible = 0;
			defaultConfigurationName = Release;
		};
		8BD3A57C1CA0A730009EF354 /* Build configuration list for PBXNativeTarget "Tree Traversal" */ = {
			isa = XCConfigurationList;
			buildConfigurations = (
				8BD3A57D1CA0A730009EF354 /* Debug */,
				8BD3A57E1CA0A730009EF354 /* Release */,
			);
			defaultConfigurationIsVisible = 0;
			defaultConfigurationName = Release;
		};
/* End XCConfigurationList section */
	};
	rootObject = 8BD3A56D1CA0A730009EF354 /* Project object */;
}
